
Microsoft Visual Studio Solution File, Format Version 12.00
# Visual Studio Version 17
VisualStudioVersion = 17.10.35013.160
MinimumVisualStudioVersion = 10.0.40219.1
Project("{2150E333-8FDC-42A3-9474-1A3956D46DE8}") = "src", "src", "{7D30A189-09E5-42A3-ABF5-2879F0FCB2C7}"
EndProject
Project("{2150E333-8FDC-42A3-9474-1A3956D46DE8}") = "Core", "Core", "{31BD8C47-4FC9-4984-9B8C-32B99BCABBE5}"
EndProject
Project("{9A19103F-16F7-4668-BE54-9A1E7A4F7556}") = "Application", "..\Application\Application.csproj", "{B387EAC2-D56C-40BB-AB28-E2EE547D2FDF}"
EndProject
Project("{9A19103F-16F7-4668-BE54-9A1E7A4F7556}") = "Domain", "..\Domain\Domain.csproj", "{29C2CC31-08A1-4586-9A49-DFCAD3A55395}"
EndProject
Project("{9A19103F-16F7-4668-BE54-9A1E7A4F7556}") = "Shared", "..\Shared\Shared.csproj", "{8213EAB9-C65B-452F-979C-C2DC98527825}"
EndProject
Project("{9A19103F-16F7-4668-BE54-9A1E7A4F7556}") = "Infrastructure", "..\Infrastructure\Infrastructure.csproj", "{3ED00ADE-37DD-4144-A451-4E504E1ECC8C}"
EndProject
Project("{9A19103F-16F7-4668-BE54-9A1E7A4F7556}") = "UpworkTest", "UpworkTest.csproj", "{2314E0B4-277C-4282-BB06-44E623657521}"
EndProject
Global
	GlobalSection(SolutionConfigurationPlatforms) = preSolution
		Debug|Any CPU = Debug|Any CPU
		Debug|x64 = Debug|x64
		Debug|x86 = Debug|x86
		Release|Any CPU = Release|Any CPU
		Release|x64 = Release|x64
		Release|x86 = Release|x86
	EndGlobalSection
	GlobalSection(ProjectConfigurationPlatforms) = postSolution
		{B387EAC2-D56C-40BB-AB28-E2EE547D2FDF}.Debug|Any CPU.ActiveCfg = Debug|Any CPU
		{B387EAC2-D56C-40BB-AB28-E2EE547D2FDF}.Debug|Any CPU.Build.0 = Debug|Any CPU
		{B387EAC2-D56C-40BB-AB28-E2EE547D2FDF}.Debug|x64.ActiveCfg = Debug|Any CPU
		{B387EAC2-D56C-40BB-AB28-E2EE547D2FDF}.Debug|x64.Build.0 = Debug|Any CPU
		{B387EAC2-D56C-40BB-AB28-E2EE547D2FDF}.Debug|x86.ActiveCfg = Debug|Any CPU
		{B387EAC2-D56C-40BB-AB28-E2EE547D2FDF}.Debug|x86.Build.0 = Debug|Any CPU
		{B387EAC2-D56C-40BB-AB28-E2EE547D2FDF}.Release|Any CPU.ActiveCfg = Release|Any CPU
		{B387EAC2-D56C-40BB-AB28-E2EE547D2FDF}.Release|Any CPU.Build.0 = Release|Any CPU
		{B387EAC2-D56C-40BB-AB28-E2EE547D2FDF}.Release|x64.ActiveCfg = Release|Any CPU
		{B387EAC2-D56C-40BB-AB28-E2EE547D2FDF}.Release|x64.Build.0 = Release|Any CPU
		{B387EAC2-D56C-40BB-AB28-E2EE547D2FDF}.Release|x86.ActiveCfg = Release|Any CPU
		{B387EAC2-D56C-40BB-AB28-E2EE547D2FDF}.Release|x86.Build.0 = Release|Any CPU
		{29C2CC31-08A1-4586-9A49-DFCAD3A55395}.Debug|Any CPU.ActiveCfg = Debug|Any CPU
		{29C2CC31-08A1-4586-9A49-DFCAD3A55395}.Debug|Any CPU.Build.0 = Debug|Any CPU
		{29C2CC31-08A1-4586-9A49-DFCAD3A55395}.Debug|x64.ActiveCfg = Debug|Any CPU
		{29C2CC31-08A1-4586-9A49-DFCAD3A55395}.Debug|x64.Build.0 = Debug|Any CPU
		{29C2CC31-08A1-4586-9A49-DFCAD3A55395}.Debug|x86.ActiveCfg = Debug|Any CPU
		{29C2CC31-08A1-4586-9A49-DFCAD3A55395}.Debug|x86.Build.0 = Debug|Any CPU
		{29C2CC31-08A1-4586-9A49-DFCAD3A55395}.Release|Any CPU.ActiveCfg = Release|Any CPU
		{29C2CC31-08A1-4586-9A49-DFCAD3A55395}.Release|Any CPU.Build.0 = Release|Any CPU
		{29C2CC31-08A1-4586-9A49-DFCAD3A55395}.Release|x64.ActiveCfg = Release|Any CPU
		{29C2CC31-08A1-4586-9A49-DFCAD3A55395}.Release|x64.Build.0 = Release|Any CPU
		{29C2CC31-08A1-4586-9A49-DFCAD3A55395}.Release|x86.ActiveCfg = Release|Any CPU
		{29C2CC31-08A1-4586-9A49-DFCAD3A55395}.Release|x86.Build.0 = Release|Any CPU
		{8213EAB9-C65B-452F-979C-C2DC98527825}.Debug|Any CPU.ActiveCfg = Debug|Any CPU
		{8213EAB9-C65B-452F-979C-C2DC98527825}.Debug|Any CPU.Build.0 = Debug|Any CPU
		{8213EAB9-C65B-452F-979C-C2DC98527825}.Debug|x64.ActiveCfg = Debug|Any CPU
		{8213EAB9-C65B-452F-979C-C2DC98527825}.Debug|x64.Build.0 = Debug|Any CPU
		{8213EAB9-C65B-452F-979C-C2DC98527825}.Debug|x86.ActiveCfg = Debug|Any CPU
		{8213EAB9-C65B-452F-979C-C2DC98527825}.Debug|x86.Build.0 = Debug|Any CPU
		{8213EAB9-C65B-452F-979C-C2DC98527825}.Release|Any CPU.ActiveCfg = Release|Any CPU
		{8213EAB9-C65B-452F-979C-C2DC98527825}.Release|Any CPU.Build.0 = Release|Any CPU
		{8213EAB9-C65B-452F-979C-C2DC98527825}.Release|x64.ActiveCfg = Release|Any CPU
		{8213EAB9-C65B-452F-979C-C2DC98527825}.Release|x64.Build.0 = Release|Any CPU
		{8213EAB9-C65B-452F-979C-C2DC98527825}.Release|x86.ActiveCfg = Release|Any CPU
		{8213EAB9-C65B-452F-979C-C2DC98527825}.Release|x86.Build.0 = Release|Any CPU
		{3ED00ADE-37DD-4144-A451-4E504E1ECC8C}.Debug|Any CPU.ActiveCfg = Debug|Any CPU
		{3ED00ADE-37DD-4144-A451-4E504E1ECC8C}.Debug|Any CPU.Build.0 = Debug|Any CPU
		{3ED00ADE-37DD-4144-A451-4E504E1ECC8C}.Debug|x64.ActiveCfg = Debug|Any CPU
		{3ED00ADE-37DD-4144-A451-4E504E1ECC8C}.Debug|x64.Build.0 = Debug|Any CPU
		{3ED00ADE-37DD-4144-A451-4E504E1ECC8C}.Debug|x86.ActiveCfg = Debug|Any CPU
		{3ED00ADE-37DD-4144-A451-4E504E1ECC8C}.Debug|x86.Build.0 = Debug|Any CPU
		{3ED00ADE-37DD-4144-A451-4E504E1ECC8C}.Release|Any CPU.ActiveCfg = Release|Any CPU
		{3ED00ADE-37DD-4144-A451-4E504E1ECC8C}.Release|Any CPU.Build.0 = Release|Any CPU
		{3ED00ADE-37DD-4144-A451-4E504E1ECC8C}.Release|x64.ActiveCfg = Release|Any CPU
		{3ED00ADE-37DD-4144-A451-4E504E1ECC8C}.Release|x64.Build.0 = Release|Any CPU
		{3ED00ADE-37DD-4144-A451-4E504E1ECC8C}.Release|x86.ActiveCfg = Release|Any CPU
		{3ED00ADE-37DD-4144-A451-4E504E1ECC8C}.Release|x86.Build.0 = Release|Any CPU
		{2314E0B4-277C-4282-BB06-44E623657521}.Debug|Any CPU.ActiveCfg = Debug|Any CPU
		{2314E0B4-277C-4282-BB06-44E623657521}.Debug|Any CPU.Build.0 = Debug|Any CPU
		{2314E0B4-277C-4282-BB06-44E623657521}.Debug|x64.ActiveCfg = Debug|Any CPU
		{2314E0B4-277C-4282-BB06-44E623657521}.Debug|x64.Build.0 = Debug|Any CPU
		{2314E0B4-277C-4282-BB06-44E623657521}.Debug|x86.ActiveCfg = Debug|Any CPU
		{2314E0B4-277C-4282-BB06-44E623657521}.Debug|x86.Build.0 = Debug|Any CPU
		{2314E0B4-277C-4282-BB06-44E623657521}.Release|Any CPU.ActiveCfg = Release|Any CPU
		{2314E0B4-277C-4282-BB06-44E623657521}.Release|Any CPU.Build.0 = Release|Any CPU
		{2314E0B4-277C-4282-BB06-44E623657521}.Release|x64.ActiveCfg = Release|Any CPU
		{2314E0B4-277C-4282-BB06-44E623657521}.Release|x64.Build.0 = Release|Any CPU
		{2314E0B4-277C-4282-BB06-44E623657521}.Release|x86.ActiveCfg = Release|Any CPU
		{2314E0B4-277C-4282-BB06-44E623657521}.Release|x86.Build.0 = Release|Any CPU
	EndGlobalSection
	GlobalSection(SolutionProperties) = preSolution
		HideSolutionNode = FALSE
	EndGlobalSection
	GlobalSection(NestedProjects) = preSolution
		{31BD8C47-4FC9-4984-9B8C-32B99BCABBE5} = {7D30A189-09E5-42A3-ABF5-2879F0FCB2C7}
		{B387EAC2-D56C-40BB-AB28-E2EE547D2FDF} = {31BD8C47-4FC9-4984-9B8C-32B99BCABBE5}
		{29C2CC31-08A1-4586-9A49-DFCAD3A55395} = {31BD8C47-4FC9-4984-9B8C-32B99BCABBE5}
		{8213EAB9-C65B-452F-979C-C2DC98527825} = {31BD8C47-4FC9-4984-9B8C-32B99BCABBE5}
		{3ED00ADE-37DD-4144-A451-4E504E1ECC8C} = {7D30A189-09E5-42A3-ABF5-2879F0FCB2C7}
	EndGlobalSection
	GlobalSection(ExtensibilityGlobals) = postSolution
		SolutionGuid = {B27E37CB-F620-48CD-8F3A-68113FCF56F5}
	EndGlobalSection
EndGlobal
